
Microsoft Visual Studio Solution File, Format Version 12.00
# Visual Studio Version 17
VisualStudioVersion = 17.9.34607.119
MinimumVisualStudioVersion = 10.0.40219.1
Project("{9A19103F-16F7-4668-BE54-9A1E7A4F7556}") = "StockMarket", "xUnitExcercise - Stock Market\StockMarket\StockMarket.csproj", "{EB3D661D-C9E2-40DB-A36E-DFAB6FE92EFE}"
EndProject
Project("{9A19103F-16F7-4668-BE54-9A1E7A4F7556}") = "Services", "xUnitExcercise - Stock Market\Services\Services.csproj", "{B06717D9-0F4E-4B5F-A3C4-751AF5ABAED0}"
EndProject
Project("{9A19103F-16F7-4668-BE54-9A1E7A4F7556}") = "ServiceContracts", "xUnitExcercise - Stock Market\ServiceContracts\ServiceContracts.csproj", "{8598CE47-2C21-4BDD-B27B-D9AEBBA2420C}"
EndProject
Project("{FAE04EC0-301F-11D3-BF4B-00C04F79EFBC}") = "Entities", "Entities\Entities.csproj", "{78F988A8-C611-44D2-BBAD-D8A989C5F4D7}"
EndProject
Project("{FAE04EC0-301F-11D3-BF4B-00C04F79EFBC}") = "StocksServiceTests", "StocksServiceTests\StocksServiceTests.csproj", "{9EDFA598-1C44-4109-8184-532236EDC64C}"
EndProject
Global
	GlobalSection(SolutionConfigurationPlatforms) = preSolution
		Debug|Any CPU = Debug|Any CPU
		Release|Any CPU = Release|Any CPU
	EndGlobalSection
	GlobalSection(ProjectConfigurationPlatforms) = postSolution
		{EB3D661D-C9E2-40DB-A36E-DFAB6FE92EFE}.Debug|Any CPU.ActiveCfg = Debug|Any CPU
		{EB3D661D-C9E2-40DB-A36E-DFAB6FE92EFE}.Debug|Any CPU.Build.0 = Debug|Any CPU
		{EB3D661D-C9E2-40DB-A36E-DFAB6FE92EFE}.Release|Any CPU.ActiveCfg = Release|Any CPU
		{EB3D661D-C9E2-40DB-A36E-DFAB6FE92EFE}.Release|Any CPU.Build.0 = Release|Any CPU
		{B06717D9-0F4E-4B5F-A3C4-751AF5ABAED0}.Debug|Any CPU.ActiveCfg = Debug|Any CPU
		{B06717D9-0F4E-4B5F-A3C4-751AF5ABAED0}.Debug|Any CPU.Build.0 = Debug|Any CPU
		{B06717D9-0F4E-4B5F-A3C4-751AF5ABAED0}.Release|Any CPU.ActiveCfg = Release|Any CPU
		{B06717D9-0F4E-4B5F-A3C4-751AF5ABAED0}.Release|Any CPU.Build.0 = Release|Any CPU
		{8598CE47-2C21-4BDD-B27B-D9AEBBA2420C}.Debug|Any CPU.ActiveCfg = Debug|Any CPU
		{8598CE47-2C21-4BDD-B27B-D9AEBBA2420C}.Debug|Any CPU.Build.0 = Debug|Any CPU
		{8598CE47-2C21-4BDD-B27B-D9AEBBA2420C}.Release|Any CPU.ActiveCfg = Release|Any CPU
		{8598CE47-2C21-4BDD-B27B-D9AEBBA2420C}.Release|Any CPU.Build.0 = Release|Any CPU
		{78F988A8-C611-44D2-BBAD-D8A989C5F4D7}.Debug|Any CPU.ActiveCfg = Debug|Any CPU
		{78F988A8-C611-44D2-BBAD-D8A989C5F4D7}.Debug|Any CPU.Build.0 = Debug|Any CPU
		{78F988A8-C611-44D2-BBAD-D8A989C5F4D7}.Release|Any CPU.ActiveCfg = Release|Any CPU
		{78F988A8-C611-44D2-BBAD-D8A989C5F4D7}.Release|Any CPU.Build.0 = Release|Any CPU
		{9EDFA598-1C44-4109-8184-532236EDC64C}.Debug|Any CPU.ActiveCfg = Debug|Any CPU
		{9EDFA598-1C44-4109-8184-532236EDC64C}.Debug|Any CPU.Build.0 = Debug|Any CPU
		{9EDFA598-1C44-4109-8184-532236EDC64C}.Release|Any CPU.ActiveCfg = Release|Any CPU
		{9EDFA598-1C44-4109-8184-532236EDC64C}.Release|Any CPU.Build.0 = Release|Any CPU
	EndGlobalSection
	GlobalSection(SolutionProperties) = preSolution
		HideSolutionNode = FALSE
	EndGlobalSection
	GlobalSection(ExtensibilityGlobals) = postSolution
		SolutionGuid = {7D6EABD5-825C-4841-A569-AE8BEE277BD9}
	EndGlobalSection
EndGlobal
