
Microsoft Visual Studio Solution File, Format Version 12.00
# Visual Studio Version 17
VisualStudioVersion = 17.8.34309.116
MinimumVisualStudioVersion = 10.0.40219.1
Project("{FAE04EC0-301F-11D3-BF4B-00C04F79EFBC}") = "PartialViewsExcercise", "PartialViewsExcercise\PartialViewsExcercise.csproj", "{B6163188-B935-4257-B9C2-33967E4E8044}"
EndProject
Global
	GlobalSection(SolutionConfigurationPlatforms) = preSolution
		Debug|Any CPU = Debug|Any CPU
		Release|Any CPU = Release|Any CPU
	EndGlobalSection
	GlobalSection(ProjectConfigurationPlatforms) = postSolution
		{B6163188-B935-4257-B9C2-33967E4E8044}.Debug|Any CPU.ActiveCfg = Debug|Any CPU
		{B6163188-B935-4257-B9C2-33967E4E8044}.Debug|Any CPU.Build.0 = Debug|Any CPU
		{B6163188-B935-4257-B9C2-33967E4E8044}.Release|Any CPU.ActiveCfg = Release|Any CPU
		{B6163188-B935-4257-B9C2-33967E4E8044}.Release|Any CPU.Build.0 = Release|Any CPU
	EndGlobalSection
	GlobalSection(SolutionProperties) = preSolution
		HideSolutionNode = FALSE
	EndGlobalSection
	GlobalSection(ExtensibilityGlobals) = postSolution
		SolutionGuid = {743539BF-431B-4D0E-8245-B40E7C4125EF}
	EndGlobalSection
EndGlobal
