
Microsoft Visual Studio Solution File, Format Version 12.00
# Visual Studio Version 17
VisualStudioVersion = 17.8.34309.116
MinimumVisualStudioVersion = 10.0.40219.1
Project("{FAE04EC0-301F-11D3-BF4B-00C04F79EFBC}") = "RazorViewsExcercise", "RazorViewsExcercise\RazorViewsExcercise.csproj", "{60B8B3F6-421C-4885-A44B-A5202E30A55E}"
EndProject
Global
	GlobalSection(SolutionConfigurationPlatforms) = preSolution
		Debug|Any CPU = Debug|Any CPU
		Release|Any CPU = Release|Any CPU
	EndGlobalSection
	GlobalSection(ProjectConfigurationPlatforms) = postSolution
		{60B8B3F6-421C-4885-A44B-A5202E30A55E}.Debug|Any CPU.ActiveCfg = Debug|Any CPU
		{60B8B3F6-421C-4885-A44B-A5202E30A55E}.Debug|Any CPU.Build.0 = Debug|Any CPU
		{60B8B3F6-421C-4885-A44B-A5202E30A55E}.Release|Any CPU.ActiveCfg = Release|Any CPU
		{60B8B3F6-421C-4885-A44B-A5202E30A55E}.Release|Any CPU.Build.0 = Release|Any CPU
	EndGlobalSection
	GlobalSection(SolutionProperties) = preSolution
		HideSolutionNode = FALSE
	EndGlobalSection
	GlobalSection(ExtensibilityGlobals) = postSolution
		SolutionGuid = {0D34C49D-B6DA-42F2-80AA-67287139341F}
	EndGlobalSection
EndGlobal
