
Microsoft Visual Studio Solution File, Format Version 12.00
# Visual Studio Version 17
VisualStudioVersion = 17.8.34309.116
MinimumVisualStudioVersion = 10.0.40219.1
Project("{FAE04EC0-301F-11D3-BF4B-00C04F79EFBC}") = "MiddlewareLoginExcercise", "MiddlewareLoginExcercise\MiddlewareLoginExcercise.csproj", "{7DC4E3CF-1D24-4496-B3E9-098E43DAF720}"
EndProject
Global
	GlobalSection(SolutionConfigurationPlatforms) = preSolution
		Debug|Any CPU = Debug|Any CPU
		Release|Any CPU = Release|Any CPU
	EndGlobalSection
	GlobalSection(ProjectConfigurationPlatforms) = postSolution
		{7DC4E3CF-1D24-4496-B3E9-098E43DAF720}.Debug|Any CPU.ActiveCfg = Debug|Any CPU
		{7DC4E3CF-1D24-4496-B3E9-098E43DAF720}.Debug|Any CPU.Build.0 = Debug|Any CPU
		{7DC4E3CF-1D24-4496-B3E9-098E43DAF720}.Release|Any CPU.ActiveCfg = Release|Any CPU
		{7DC4E3CF-1D24-4496-B3E9-098E43DAF720}.Release|Any CPU.Build.0 = Release|Any CPU
	EndGlobalSection
	GlobalSection(SolutionProperties) = preSolution
		HideSolutionNode = FALSE
	EndGlobalSection
	GlobalSection(ExtensibilityGlobals) = postSolution
		SolutionGuid = {921D5C71-95F4-4A55-9828-D7D4649AF160}
	EndGlobalSection
EndGlobal
